{
  "version": 4,
  "terraform_version": "1.5.4",
  "serial": 32,
  "lineage": "c6482b1a-d4e0-102d-7c14-0246d7de9000",
  "outputs": {},
  "resources": [
    {
      "mode": "data",
      "type": "oci_identity_availability_domain",
      "name": "ad",
      "provider": "provider[\"registry.terraform.io/hashicorp/oci\"]",
      "instances": [
        {
          "schema_version": 0,
          "attributes": {
            "ad_number": 1,
            "compartment_id": "ocid1.tenancy.oc1..aaaaaaaaagtl5ff4bqcsv3a2rckmoerxplwr6l5i5adslr4bdggbfbvfl5oa",
            "id": "ocid1.availabilitydomain.oc1..aaaaaaaa3lb2y6omrgvooqvuxvn5k3zco5pbaqnq7ei3b2qpkg4x2bq7kbcq",
            "name": "RDmt:ME-JEDDAH-1-AD-1"
          },
          "sensitive_attributes": []
        }
      ]
    },
    {
      "mode": "managed",
      "type": "oci_core_internet_gateway",
      "name": "terraform_internet_gateway",
      "provider": "provider[\"registry.terraform.io/hashicorp/oci\"]",
      "instances": [
        {
          "schema_version": 0,
          "attributes": {
            "compartment_id": "ocid1.compartment.oc1..aaaaaaaaus54zbtpo4rew6hfshgtypmx5njq65xrb2t2kh4dakdeo5su7icq",
            "defined_tags": {
              "Oracle-Tags.CreatedBy": "default/z.alrefai@clever.sa",
              "Oracle-Tags.CreatedOn": "2023-08-07T13:04:40.326Z",
              "common.ResourcePurpose": "Play"
            },
            "display_name": "terraformIG",
            "enabled": true,
            "freeform_tags": {},
            "id": "ocid1.internetgateway.oc1.me-jeddah-1.aaaaaaaarn3khkaj34wcnedkpx37xix4jveslxjwnbduc4oh6vubx5a7pauq",
            "route_table_id": null,
            "state": "AVAILABLE",
            "time_created": "2023-08-07 13:04:40.383 +0000 UTC",
            "timeouts": null,
            "vcn_id": "ocid1.vcn.oc1.me-jeddah-1.amaaaaaaqwypamia4bevwufjfztnvb4bkaq6iltpyajwfh5wwn6hyxujhrha"
          },
          "sensitive_attributes": [],
          "private": "eyJlMmJmYjczMC1lY2FhLTExZTYtOGY4OC0zNDM2M2JjN2M0YzAiOnsiY3JlYXRlIjoxMjAwMDAwMDAwMDAwLCJkZWxldGUiOjEyMDAwMDAwMDAwMDAsInVwZGF0ZSI6MTIwMDAwMDAwMDAwMH19",
          "dependencies": [
            "oci_core_virtual_network.terraform_vcn"
          ]
        }
      ]
    },
    {
      "mode": "managed",
      "type": "oci_core_route_table",
      "name": "terraform_route_table",
      "provider": "provider[\"registry.terraform.io/hashicorp/oci\"]",
      "instances": [
        {
          "schema_version": 0,
          "attributes": {
            "compartment_id": "ocid1.compartment.oc1..aaaaaaaaus54zbtpo4rew6hfshgtypmx5njq65xrb2t2kh4dakdeo5su7icq",
            "defined_tags": {
              "Oracle-Tags.CreatedBy": "default/z.alrefai@clever.sa",
              "Oracle-Tags.CreatedOn": "2023-08-07T13:04:41.473Z",
              "common.ResourcePurpose": "Play"
            },
            "display_name": "terraformRouteTable",
            "freeform_tags": {},
            "id": "ocid1.routetable.oc1.me-jeddah-1.aaaaaaaau2zrb6g4kvjnttnh7qxkxrap43bce6ytr7jfugngycsqy5bto4tq",
            "route_rules": [
              {
                "cidr_block": "",
                "description": "",
                "destination": "0.0.0.0/0",
                "destination_type": "CIDR_BLOCK",
                "network_entity_id": "ocid1.internetgateway.oc1.me-jeddah-1.aaaaaaaarn3khkaj34wcnedkpx37xix4jveslxjwnbduc4oh6vubx5a7pauq",
                "route_type": ""
              }
            ],
            "state": "AVAILABLE",
            "time_created": "2023-08-07 13:04:41.545 +0000 UTC",
            "timeouts": null,
            "vcn_id": "ocid1.vcn.oc1.me-jeddah-1.amaaaaaaqwypamia4bevwufjfztnvb4bkaq6iltpyajwfh5wwn6hyxujhrha"
          },
          "sensitive_attributes": [],
          "private": "eyJlMmJmYjczMC1lY2FhLTExZTYtOGY4OC0zNDM2M2JjN2M0YzAiOnsiY3JlYXRlIjoxMjAwMDAwMDAwMDAwLCJkZWxldGUiOjEyMDAwMDAwMDAwMDAsInVwZGF0ZSI6MTIwMDAwMDAwMDAwMH19",
          "dependencies": [
            "oci_core_internet_gateway.terraform_internet_gateway",
            "oci_core_virtual_network.terraform_vcn"
          ]
        }
      ]
    },
    {
      "mode": "managed",
      "type": "oci_core_security_list",
      "name": "terraform_security_list",
      "provider": "provider[\"registry.terraform.io/hashicorp/oci\"]",
      "instances": [
        {
          "schema_version": 0,
          "attributes": {
            "compartment_id": "ocid1.compartment.oc1..aaaaaaaaus54zbtpo4rew6hfshgtypmx5njq65xrb2t2kh4dakdeo5su7icq",
            "defined_tags": {
              "Oracle-Tags.CreatedBy": "default/z.alrefai@clever.sa",
              "Oracle-Tags.CreatedOn": "2023-08-07T13:04:40.782Z",
              "common.ResourcePurpose": "Play"
            },
            "display_name": "terraformSecurityList",
            "egress_security_rules": [
              {
                "description": "",
                "destination": "0.0.0.0/0",
                "destination_type": "CIDR_BLOCK",
                "icmp_options": [],
                "protocol": "6",
                "stateless": false,
                "tcp_options": [],
                "udp_options": []
              }
            ],
            "freeform_tags": {},
            "id": "ocid1.securitylist.oc1.me-jeddah-1.aaaaaaaabjqvy5orbg5ylkemit2kg4zfb6wgu2vgqtnnsfuisihx3qwyyvea",
            "ingress_security_rules": [
              {
                "description": "",
                "icmp_options": [],
                "protocol": "6",
                "source": "0.0.0.0/0",
                "source_type": "CIDR_BLOCK",
                "stateless": false,
                "tcp_options": [
                  {
                    "max": 22,
                    "min": 22,
                    "source_port_range": []
                  }
                ],
                "udp_options": []
              },
              {
                "description": "",
                "icmp_options": [],
                "protocol": "6",
                "source": "0.0.0.0/0",
                "source_type": "CIDR_BLOCK",
                "stateless": false,
                "tcp_options": [
                  {
                    "max": 3000,
                    "min": 3000,
                    "source_port_range": []
                  }
                ],
                "udp_options": []
              },
              {
                "description": "",
                "icmp_options": [],
                "protocol": "6",
                "source": "0.0.0.0/0",
                "source_type": "CIDR_BLOCK",
                "stateless": false,
                "tcp_options": [
                  {
                    "max": 3005,
                    "min": 3005,
                    "source_port_range": []
                  }
                ],
                "udp_options": []
              },
              {
                "description": "",
                "icmp_options": [],
                "protocol": "6",
                "source": "0.0.0.0/0",
                "source_type": "CIDR_BLOCK",
                "stateless": false,
                "tcp_options": [
                  {
                    "max": 80,
                    "min": 80,
                    "source_port_range": []
                  }
                ],
                "udp_options": []
              }
            ],
            "state": "AVAILABLE",
            "time_created": "2023-08-07 13:04:40.839 +0000 UTC",
            "timeouts": null,
            "vcn_id": "ocid1.vcn.oc1.me-jeddah-1.amaaaaaaqwypamia4bevwufjfztnvb4bkaq6iltpyajwfh5wwn6hyxujhrha"
          },
          "sensitive_attributes": [],
          "private": "eyJlMmJmYjczMC1lY2FhLTExZTYtOGY4OC0zNDM2M2JjN2M0YzAiOnsiY3JlYXRlIjoxMjAwMDAwMDAwMDAwLCJkZWxldGUiOjEyMDAwMDAwMDAwMDAsInVwZGF0ZSI6MTIwMDAwMDAwMDAwMH19",
          "dependencies": [
            "oci_core_virtual_network.terraform_vcn"
          ]
        }
      ]
    },
    {
      "mode": "managed",
      "type": "oci_core_subnet",
      "name": "terraform_subnet",
      "provider": "provider[\"registry.terraform.io/hashicorp/oci\"]",
      "instances": [
        {
          "schema_version": 0,
          "attributes": {
            "availability_domain": null,
            "cidr_block": "10.1.20.0/24",
            "compartment_id": "ocid1.compartment.oc1..aaaaaaaaus54zbtpo4rew6hfshgtypmx5njq65xrb2t2kh4dakdeo5su7icq",
            "defined_tags": {
              "Oracle-Tags.CreatedBy": "default/z.alrefai@clever.sa",
              "Oracle-Tags.CreatedOn": "2023-08-07T13:04:42.527Z",
              "common.ResourcePurpose": "Play"
            },
            "dhcp_options_id": "ocid1.dhcpoptions.oc1.me-jeddah-1.aaaaaaaa24fga2faztycb4oi5hk6lsor4ft3fq6a5y6xyxjgbask46esawra",
            "display_name": "terraformSubnet",
            "dns_label": "terraformsubnet",
            "freeform_tags": {},
            "id": "ocid1.subnet.oc1.me-jeddah-1.aaaaaaaabhqpgqpfmasdzz45wmpucebgzlpuiur5ve3bc5m3cpab5wx5nirq",
            "ipv6cidr_block": null,
            "ipv6cidr_blocks": [],
            "ipv6virtual_router_ip": null,
            "prohibit_internet_ingress": false,
            "prohibit_public_ip_on_vnic": false,
            "route_table_id": "ocid1.routetable.oc1.me-jeddah-1.aaaaaaaau2zrb6g4kvjnttnh7qxkxrap43bce6ytr7jfugngycsqy5bto4tq",
            "security_list_ids": [
              "ocid1.securitylist.oc1.me-jeddah-1.aaaaaaaabjqvy5orbg5ylkemit2kg4zfb6wgu2vgqtnnsfuisihx3qwyyvea"
            ],
            "state": "AVAILABLE",
            "subnet_domain_name": "terraformsubnet.terraformvcn.oraclevcn.com",
            "time_created": "2023-08-07 13:04:42.689 +0000 UTC",
            "timeouts": null,
            "vcn_id": "ocid1.vcn.oc1.me-jeddah-1.amaaaaaaqwypamia4bevwufjfztnvb4bkaq6iltpyajwfh5wwn6hyxujhrha",
            "virtual_router_ip": "10.1.20.1",
            "virtual_router_mac": "00:00:17:93:C3:30"
          },
          "sensitive_attributes": [],
          "private": "eyJlMmJmYjczMC1lY2FhLTExZTYtOGY4OC0zNDM2M2JjN2M0YzAiOnsiY3JlYXRlIjoxMjAwMDAwMDAwMDAwLCJkZWxldGUiOjEyMDAwMDAwMDAwMDAsInVwZGF0ZSI6MTIwMDAwMDAwMDAwMH19",
          "dependencies": [
            "oci_core_internet_gateway.terraform_internet_gateway",
            "oci_core_route_table.terraform_route_table",
            "oci_core_security_list.terraform_security_list",
            "oci_core_virtual_network.terraform_vcn"
          ]
        }
      ]
    },
    {
      "mode": "managed",
      "type": "oci_core_virtual_network",
      "name": "terraform_vcn",
      "provider": "provider[\"registry.terraform.io/hashicorp/oci\"]",
      "instances": [
        {
          "schema_version": 0,
          "attributes": {
            "byoipv6cidr_blocks": [],
            "byoipv6cidr_details": null,
            "cidr_block": "10.1.0.0/16",
            "cidr_blocks": [
              "10.1.0.0/16"
            ],
            "compartment_id": "ocid1.compartment.oc1..aaaaaaaaus54zbtpo4rew6hfshgtypmx5njq65xrb2t2kh4dakdeo5su7icq",
            "default_dhcp_options_id": "ocid1.dhcpoptions.oc1.me-jeddah-1.aaaaaaaa24fga2faztycb4oi5hk6lsor4ft3fq6a5y6xyxjgbask46esawra",
            "default_route_table_id": "ocid1.routetable.oc1.me-jeddah-1.aaaaaaaakftetmcxul3ioavvg655r7zgzek32y4wipk5ub3o4arzmmdh4rja",
            "default_security_list_id": "ocid1.securitylist.oc1.me-jeddah-1.aaaaaaaalew5fdsqhm3jh4ocvckxjvabevfkzdtagekcwu2msgznzlgkxdfq",
            "defined_tags": {
              "Oracle-Tags.CreatedBy": "default/z.alrefai@clever.sa",
              "Oracle-Tags.CreatedOn": "2023-08-07T13:04:39.396Z",
              "common.ResourcePurpose": "Play"
            },
            "display_name": "terraformVCN",
            "dns_label": "terraformvcn",
            "freeform_tags": {},
            "id": "ocid1.vcn.oc1.me-jeddah-1.amaaaaaaqwypamia4bevwufjfztnvb4bkaq6iltpyajwfh5wwn6hyxujhrha",
            "ipv6cidr_blocks": [],
            "ipv6private_cidr_blocks": [],
            "is_ipv6enabled": false,
            "is_oracle_gua_allocation_enabled": null,
            "state": "AVAILABLE",
            "time_created": "2023-08-07 13:04:39.55 +0000 UTC",
            "timeouts": null,
            "vcn_domain_name": "terraformvcn.oraclevcn.com"
          },
          "sensitive_attributes": [],
          "private": "eyJlMmJmYjczMC1lY2FhLTExZTYtOGY4OC0zNDM2M2JjN2M0YzAiOnsiY3JlYXRlIjoxMjAwMDAwMDAwMDAwLCJkZWxldGUiOjEyMDAwMDAwMDAwMDAsInVwZGF0ZSI6MTIwMDAwMDAwMDAwMH19"
        }
      ]
    }
  ],
  "check_results": null
}
